{
  "name": "campuseats",
  "version": "0.1.0",
  "lockfileVersion": 3,
  "requires": true,
  "packages": {
    "": {
      "name": "campuseats",
      "version": "0.1.0"
    },
    "backend": {
      "name": "campuseats-backend",
      "version": "0.1.0",
      "extraneous": true,
      "dependencies": {
        "express": "^4.19.2"
      }
    },
    "frontend": {
      "extraneous": true
    }
  }
}
